
Microsoft Visual Studio Solution File, Format Version 12.00
# Visual Studio 2012
Project("{8BC9CEB8-8B4A-11D0-8D11-00A0C91BC942}") = "raaGoogleWebMap", "raaGoogleWebMap\raaGoogleWebMap.vcxproj", "{C3F8C111-C0C4-4766-9AFE-5EF270588544}"
EndProject
Global
	GlobalSection(SolutionConfigurationPlatforms) = preSolution
		Debug|Win32 = Debug|Win32
		Debug|x64 = Debug|x64
		Release|Win32 = Release|Win32
		Release|x64 = Release|x64
	EndGlobalSection
	GlobalSection(ProjectConfigurationPlatforms) = postSolution
		{C3F8C111-C0C4-4766-9AFE-5EF270588544}.Debug|Win32.ActiveCfg = Debug|Win32
		{C3F8C111-C0C4-4766-9AFE-5EF270588544}.Debug|Win32.Build.0 = Debug|Win32
		{C3F8C111-C0C4-4766-9AFE-5EF270588544}.Debug|x64.ActiveCfg = Debug|x64
		{C3F8C111-C0C4-4766-9AFE-5EF270588544}.Debug|x64.Build.0 = Debug|x64
		{C3F8C111-C0C4-4766-9AFE-5EF270588544}.Release|Win32.ActiveCfg = Release|Win32
		{C3F8C111-C0C4-4766-9AFE-5EF270588544}.Release|Win32.Build.0 = Release|Win32
		{C3F8C111-C0C4-4766-9AFE-5EF270588544}.Release|x64.ActiveCfg = Release|x64
		{C3F8C111-C0C4-4766-9AFE-5EF270588544}.Release|x64.Build.0 = Release|x64
	EndGlobalSection
	GlobalSection(SolutionProperties) = preSolution
		HideSolutionNode = FALSE
	EndGlobalSection
EndGlobal
