<?xml version="1.0" encoding="utf-8"?>
<Project ToolsVersion="4.0" xmlns="http://schemas.microsoft.com/developer/msbuild/2003">
  <ItemGroup>
    <Filter Include="Source Files">
      <UniqueIdentifier>{4FC737F1-C7A5-4376-A066-2A32D752A2FF}</UniqueIdentifier>
      <Extensions>cpp;c;cc;cxx;def;odl;idl;hpj;bat;asm;asmx</Extensions>
    </Filter>
    <Filter Include="Header Files">
      <UniqueIdentifier>{93995380-89BD-4b04-88EB-625FBE52EBFB}</UniqueIdentifier>
      <Extensions>h;hh;hpp;hxx;hm;inl;inc;xsd</Extensions>
    </Filter>
    <Filter Include="Resource Files">
      <UniqueIdentifier>{67DA6AB6-F800-4c08-8B7A-83BB121AAD01}</UniqueIdentifier>
      <Extensions>rc;ico;cur;bmp;dlg;rc2;rct;bin;rgs;gif;jpg;jpeg;jpe;resx;tiff;tif;png;wav;mfcribbon-ms</Extensions>
    </Filter>
  </ItemGroup>
  <ItemGroup>
    <ClInclude Include="raaDataEngine2Defs.h">
      <Filter>Header Files</Filter>
    </ClInclude>
    <ClInclude Include="raaDataEngine.h">
      <Filter>Header Files</Filter>
    </ClInclude>
    <ClInclude Include="raaDataModel.h">
      <Filter>Header Files</Filter>
    </ClInclude>
    <ClInclude Include="raaDataEngineTypes.h">
      <Filter>Header Files</Filter>
    </ClInclude>
    <ClInclude Include="raaDataNode.h">
      <Filter>Header Files</Filter>
    </ClInclude>
    <ClInclude Include="raaDataPeriod.h">
      <Filter>Header Files</Filter>
    </ClInclude>
    <ClInclude Include="raaDataArc.h">
      <Filter>Header Files</Filter>
    </ClInclude>
    <ClInclude Include="raaDataLayer.h">
      <Filter>Header Files</Filter>
    </ClInclude>
    <ClInclude Include="raaReferenced.h">
      <Filter>Header Files</Filter>
    </ClInclude>
    <ClInclude Include="raaDataObject.h">
      <Filter>Header Files</Filter>
    </ClInclude>
    <ClInclude Include="raaDataUID.h">
      <Filter>Header Files</Filter>
    </ClInclude>
    <ClInclude Include="raaSolverInterface.h">
      <Filter>Header Files</Filter>
    </ClInclude>
    <ClInclude Include="raaDefaultSolver.h">
      <Filter>Header Files</Filter>
    </ClInclude>
    <ClInclude Include="raaDataModelListener.h">
      <Filter>Header Files</Filter>
    </ClInclude>
    <ClInclude Include="raaDataEngineListener.h">
      <Filter>Header Files</Filter>
    </ClInclude>
  </ItemGroup>
  <ItemGroup>
    <ClCompile Include="raaDataEngine.cpp">
      <Filter>Source Files</Filter>
    </ClCompile>
    <ClCompile Include="raaDataModel.cpp">
      <Filter>Source Files</Filter>
    </ClCompile>
    <ClCompile Include="raaDataNode.cpp">
      <Filter>Source Files</Filter>
    </ClCompile>
    <ClCompile Include="raaDataPeriod.cpp">
      <Filter>Source Files</Filter>
    </ClCompile>
    <ClCompile Include="raaDataArc.cpp">
      <Filter>Source Files</Filter>
    </ClCompile>
    <ClCompile Include="raaDataLayer.cpp">
      <Filter>Source Files</Filter>
    </ClCompile>
    <ClCompile Include="raaReferenced.cpp">
      <Filter>Source Files</Filter>
    </ClCompile>
    <ClCompile Include="raaDataObject.cpp">
      <Filter>Source Files</Filter>
    </ClCompile>
    <ClCompile Include="raaDataUID.cpp">
      <Filter>Source Files</Filter>
    </ClCompile>
    <ClCompile Include="raaSolverInterface.cpp">
      <Filter>Source Files</Filter>
    </ClCompile>
    <ClCompile Include="raaDefaultSolver.cpp">
      <Filter>Source Files</Filter>
    </ClCompile>
    <ClCompile Include="raaDataModelListener.cpp">
      <Filter>Source Files</Filter>
    </ClCompile>
    <ClCompile Include="raaDataEngineListener.cpp">
      <Filter>Source Files</Filter>
    </ClCompile>
  </ItemGroup>
</Project>