<?xml version="1.0" encoding="utf-8"?>
<Project ToolsVersion="4.0" xmlns="http://schemas.microsoft.com/developer/msbuild/2003">
  <ItemGroup>
    <Filter Include="Source Files">
      <UniqueIdentifier>{4FC737F1-C7A5-4376-A066-2A32D752A2FF}</UniqueIdentifier>
      <Extensions>cpp;c;cc;cxx;def;odl;idl;hpj;bat;asm;asmx</Extensions>
    </Filter>
    <Filter Include="Header Files">
      <UniqueIdentifier>{93995380-89BD-4b04-88EB-625FBE52EBFB}</UniqueIdentifier>
      <Extensions>h;hh;hpp;hxx;hm;inl;inc;xsd</Extensions>
    </Filter>
    <Filter Include="Resource Files">
      <UniqueIdentifier>{67DA6AB6-F800-4c08-8B7A-83BB121AAD01}</UniqueIdentifier>
      <Extensions>rc;ico;cur;bmp;dlg;rc2;rct;bin;rgs;gif;jpg;jpeg;jpe;resx;tiff;tif;png;wav;mfcribbon-ms</Extensions>
    </Filter>
  </ItemGroup>
  <ItemGroup>
    <Text Include="ReadMe.txt" />
  </ItemGroup>
  <ItemGroup>
    <ClInclude Include="stdafx.h">
      <Filter>Header Files</Filter>
    </ClInclude>
    <ClInclude Include="targetver.h">
      <Filter>Header Files</Filter>
    </ClInclude>
    <ClInclude Include="raaOSGDataNode.h">
      <Filter>Header Files</Filter>
    </ClInclude>
    <ClInclude Include="raaArcSet.h">
      <Filter>Header Files</Filter>
    </ClInclude>
    <ClInclude Include="raaClustersSet.h">
      <Filter>Header Files</Filter>
    </ClInclude>
    <ClInclude Include="raaOSGDataNodeHandler.h">
      <Filter>Header Files</Filter>
    </ClInclude>
    <ClInclude Include="raaModelIndex.h">
      <Filter>Header Files</Filter>
    </ClInclude>
    <ClInclude Include="raaGraphHud.h">
      <Filter>Header Files</Filter>
    </ClInclude>
    <ClInclude Include="raaGraphPlot.h">
      <Filter>Header Files</Filter>
    </ClInclude>
    <ClInclude Include="raaHistory.h">
      <Filter>Header Files</Filter>
    </ClInclude>
    <ClInclude Include="raaMouseOverNodeAction.h">
      <Filter>Header Files</Filter>
    </ClInclude>
    <ClInclude Include="raaMouseOverHud.h">
      <Filter>Header Files</Filter>
    </ClInclude>
    <ClInclude Include="raaWindowEventListener.h">
      <Filter>Header Files</Filter>
    </ClInclude>
    <ClInclude Include="raaDataDic.h">
      <Filter>Header Files</Filter>
    </ClInclude>
  </ItemGroup>
  <ItemGroup>
    <ClCompile Include="stdafx.cpp">
      <Filter>Source Files</Filter>
    </ClCompile>
    <ClCompile Include="raaGraphToolQt.cpp">
      <Filter>Source Files</Filter>
    </ClCompile>
    <ClCompile Include="raaGraphInterface.cpp">
      <Filter>Source Files</Filter>
    </ClCompile>
    <ClCompile Include="raaOSGDataNode.cpp">
      <Filter>Source Files</Filter>
    </ClCompile>
    <ClCompile Include="raaArcSet.cpp">
      <Filter>Source Files</Filter>
    </ClCompile>
    <ClCompile Include="raaClustersSet.cpp">
      <Filter>Source Files</Filter>
    </ClCompile>
    <ClCompile Include="raaOSGDataNodeHandler.cpp">
      <Filter>Source Files</Filter>
    </ClCompile>
    <ClCompile Include="raaLayerModel.cpp">
      <Filter>Source Files</Filter>
    </ClCompile>
    <ClCompile Include="raaNodeInfoModel.cpp">
      <Filter>Source Files</Filter>
    </ClCompile>
    <ClCompile Include="raaArcInfoModel.cpp">
      <Filter>Source Files</Filter>
    </ClCompile>
    <ClCompile Include="raaModelIndex.cpp">
      <Filter>Source Files</Filter>
    </ClCompile>
    <ClCompile Include="raaGraphHud.cpp">
      <Filter>Source Files</Filter>
    </ClCompile>
    <ClCompile Include="raaGraphPlot.cpp">
      <Filter>Source Files</Filter>
    </ClCompile>
    <ClCompile Include="raaHistory.cpp">
      <Filter>Source Files</Filter>
    </ClCompile>
    <ClCompile Include="raaLayoutButton.cpp">
      <Filter>Source Files</Filter>
    </ClCompile>
    <ClCompile Include="raaMouseOverNodeAction.cpp">
      <Filter>Source Files</Filter>
    </ClCompile>
    <ClCompile Include="raaMouseOverHud.cpp">
      <Filter>Source Files</Filter>
    </ClCompile>
    <ClCompile Include="raaWindowEventListener.cpp">
      <Filter>Source Files</Filter>
    </ClCompile>
    <ClCompile Include="raaDataDic.cpp">
      <Filter>Source Files</Filter>
    </ClCompile>
  </ItemGroup>
  <ItemGroup>
    <CustomBuild Include="raaGraphInterface.h">
      <Filter>Header Files</Filter>
    </CustomBuild>
    <CustomBuild Include="raaGraphInterfaceQt.ui">
      <Filter>Resource Files</Filter>
    </CustomBuild>
    <CustomBuild Include="raaLayerModel.h">
      <Filter>Header Files</Filter>
    </CustomBuild>
    <CustomBuild Include="raaNodeInfoModel.h">
      <Filter>Header Files</Filter>
    </CustomBuild>
    <CustomBuild Include="raaArcInfoModel.h">
      <Filter>Header Files</Filter>
    </CustomBuild>
    <CustomBuild Include="raaLayoutButton.h">
      <Filter>Header Files</Filter>
    </CustomBuild>
  </ItemGroup>
</Project>